
Microsoft Visual Studio Solution File, Format Version 12.00
# Visual Studio Version 16
VisualStudioVersion = 16.0.34114.132
MinimumVisualStudioVersion = 10.0.40219.1
Project("{FAE04EC0-301F-11D3-BF4B-00C04F79EFBC}") = "WebApplication1", "WebApplication1\WebApplication1.csproj", "{703B253B-0F6E-452C-A579-272AAD0C13B9}"
EndProject
Global
	GlobalSection(SolutionConfigurationPlatforms) = preSolution
		Debug|Any CPU = Debug|Any CPU
		Release|Any CPU = Release|Any CPU
	EndGlobalSection
	GlobalSection(ProjectConfigurationPlatforms) = postSolution
		{703B253B-0F6E-452C-A579-272AAD0C13B9}.Debug|Any CPU.ActiveCfg = Debug|Any CPU
		{703B253B-0F6E-452C-A579-272AAD0C13B9}.Debug|Any CPU.Build.0 = Debug|Any CPU
		{703B253B-0F6E-452C-A579-272AAD0C13B9}.Release|Any CPU.ActiveCfg = Release|Any CPU
		{703B253B-0F6E-452C-A579-272AAD0C13B9}.Release|Any CPU.Build.0 = Release|Any CPU
	EndGlobalSection
	GlobalSection(SolutionProperties) = preSolution
		HideSolutionNode = FALSE
	EndGlobalSection
	GlobalSection(ExtensibilityGlobals) = postSolution
		SolutionGuid = {06FFB265-8FAA-4BC4-87AD-7BE689A17C3E}
	EndGlobalSection
EndGlobal
